
Microsoft Visual Studio Solution File, Format Version 12.00
# Visual Studio 15
VisualStudioVersion = 15.0.28307.1022
MinimumVisualStudioVersion = 10.0.40219.1
Project("{FAE04EC0-301F-11D3-BF4B-00C04F79EFBC}") = "PiedraPapelTijera.Android", "PiedraPapelTijera\PiedraPapelTijera.Android\PiedraPapelTijera.Android.csproj", "{8F4A240D-A429-4D9C-B4C4-8BE60F851AC0}"
EndProject
Project("{FAE04EC0-301F-11D3-BF4B-00C04F79EFBC}") = "PiedraPapelTijera.iOS", "PiedraPapelTijera\PiedraPapelTijera.iOS\PiedraPapelTijera.iOS.csproj", "{D463899A-85CC-4F63-9021-CDB49E87A28F}"
EndProject
Project("{FAE04EC0-301F-11D3-BF4B-00C04F79EFBC}") = "PiedraPapelTijera.UWP", "PiedraPapelTijera\PiedraPapelTijera.UWP\PiedraPapelTijera.UWP.csproj", "{8D719BBF-3908-4B58-847C-D4AC6BE873B2}"
EndProject
Project("{9A19103F-16F7-4668-BE54-9A1E7A4F7556}") = "PiedraPapelTijera", "PiedraPapelTijera\PiedraPapelTijera\PiedraPapelTijera.csproj", "{4F00623D-30A8-4CAF-8073-D036D3C2A57B}"
EndProject
Global
	GlobalSection(SolutionConfigurationPlatforms) = preSolution
		Ad-Hoc|Any CPU = Ad-Hoc|Any CPU
		Ad-Hoc|ARM = Ad-Hoc|ARM
		Ad-Hoc|iPhone = Ad-Hoc|iPhone
		Ad-Hoc|iPhoneSimulator = Ad-Hoc|iPhoneSimulator
		Ad-Hoc|x64 = Ad-Hoc|x64
		Ad-Hoc|x86 = Ad-Hoc|x86
		AppStore|Any CPU = AppStore|Any CPU
		AppStore|ARM = AppStore|ARM
		AppStore|iPhone = AppStore|iPhone
		AppStore|iPhoneSimulator = AppStore|iPhoneSimulator
		AppStore|x64 = AppStore|x64
		AppStore|x86 = AppStore|x86
		Debug|Any CPU = Debug|Any CPU
		Debug|ARM = Debug|ARM
		Debug|iPhone = Debug|iPhone
		Debug|iPhoneSimulator = Debug|iPhoneSimulator
		Debug|x64 = Debug|x64
		Debug|x86 = Debug|x86
		Release|Any CPU = Release|Any CPU
		Release|ARM = Release|ARM
		Release|iPhone = Release|iPhone
		Release|iPhoneSimulator = Release|iPhoneSimulator
		Release|x64 = Release|x64
		Release|x86 = Release|x86
	EndGlobalSection
	GlobalSection(ProjectConfigurationPlatforms) = postSolution
		{8F4A240D-A429-4D9C-B4C4-8BE60F851AC0}.Ad-Hoc|Any CPU.ActiveCfg = Release|Any CPU
		{8F4A240D-A429-4D9C-B4C4-8BE60F851AC0}.Ad-Hoc|Any CPU.Build.0 = Release|Any CPU
		{8F4A240D-A429-4D9C-B4C4-8BE60F851AC0}.Ad-Hoc|Any CPU.Deploy.0 = Release|Any CPU
		{8F4A240D-A429-4D9C-B4C4-8BE60F851AC0}.Ad-Hoc|ARM.ActiveCfg = Release|Any CPU
		{8F4A240D-A429-4D9C-B4C4-8BE60F851AC0}.Ad-Hoc|ARM.Build.0 = Release|Any CPU
		{8F4A240D-A429-4D9C-B4C4-8BE60F851AC0}.Ad-Hoc|ARM.Deploy.0 = Release|Any CPU
		{8F4A240D-A429-4D9C-B4C4-8BE60F851AC0}.Ad-Hoc|iPhone.ActiveCfg = Release|Any CPU
		{8F4A240D-A429-4D9C-B4C4-8BE60F851AC0}.Ad-Hoc|iPhone.Build.0 = Release|Any CPU
		{8F4A240D-A429-4D9C-B4C4-8BE60F851AC0}.Ad-Hoc|iPhone.Deploy.0 = Release|Any CPU
		{8F4A240D-A429-4D9C-B4C4-8BE60F851AC0}.Ad-Hoc|iPhoneSimulator.ActiveCfg = Release|Any CPU
		{8F4A240D-A429-4D9C-B4C4-8BE60F851AC0}.Ad-Hoc|iPhoneSimulator.Build.0 = Release|Any CPU
		{8F4A240D-A429-4D9C-B4C4-8BE60F851AC0}.Ad-Hoc|iPhoneSimulator.Deploy.0 = Release|Any CPU
		{8F4A240D-A429-4D9C-B4C4-8BE60F851AC0}.Ad-Hoc|x64.ActiveCfg = Release|Any CPU
		{8F4A240D-A429-4D9C-B4C4-8BE60F851AC0}.Ad-Hoc|x64.Build.0 = Release|Any CPU
		{8F4A240D-A429-4D9C-B4C4-8BE60F851AC0}.Ad-Hoc|x64.Deploy.0 = Release|Any CPU
		{8F4A240D-A429-4D9C-B4C4-8BE60F851AC0}.Ad-Hoc|x86.ActiveCfg = Release|Any CPU
		{8F4A240D-A429-4D9C-B4C4-8BE60F851AC0}.Ad-Hoc|x86.Build.0 = Release|Any CPU
		{8F4A240D-A429-4D9C-B4C4-8BE60F851AC0}.Ad-Hoc|x86.Deploy.0 = Release|Any CPU
		{8F4A240D-A429-4D9C-B4C4-8BE60F851AC0}.AppStore|Any CPU.ActiveCfg = Release|Any CPU
		{8F4A240D-A429-4D9C-B4C4-8BE60F851AC0}.AppStore|Any CPU.Build.0 = Release|Any CPU
		{8F4A240D-A429-4D9C-B4C4-8BE60F851AC0}.AppStore|Any CPU.Deploy.0 = Release|Any CPU
		{8F4A240D-A429-4D9C-B4C4-8BE60F851AC0}.AppStore|ARM.ActiveCfg = Release|Any CPU
		{8F4A240D-A429-4D9C-B4C4-8BE60F851AC0}.AppStore|ARM.Build.0 = Release|Any CPU
		{8F4A240D-A429-4D9C-B4C4-8BE60F851AC0}.AppStore|ARM.Deploy.0 = Release|Any CPU
		{8F4A240D-A429-4D9C-B4C4-8BE60F851AC0}.AppStore|iPhone.ActiveCfg = Release|Any CPU
		{8F4A240D-A429-4D9C-B4C4-8BE60F851AC0}.AppStore|iPhone.Build.0 = Release|Any CPU
		{8F4A240D-A429-4D9C-B4C4-8BE60F851AC0}.AppStore|iPhone.Deploy.0 = Release|Any CPU
		{8F4A240D-A429-4D9C-B4C4-8BE60F851AC0}.AppStore|iPhoneSimulator.ActiveCfg = Release|Any CPU
		{8F4A240D-A429-4D9C-B4C4-8BE60F851AC0}.AppStore|iPhoneSimulator.Build.0 = Release|Any CPU
		{8F4A240D-A429-4D9C-B4C4-8BE60F851AC0}.AppStore|iPhoneSimulator.Deploy.0 = Release|Any CPU
		{8F4A240D-A429-4D9C-B4C4-8BE60F851AC0}.AppStore|x64.ActiveCfg = Release|Any CPU
		{8F4A240D-A429-4D9C-B4C4-8BE60F851AC0}.AppStore|x64.Build.0 = Release|Any CPU
		{8F4A240D-A429-4D9C-B4C4-8BE60F851AC0}.AppStore|x64.Deploy.0 = Release|Any CPU
		{8F4A240D-A429-4D9C-B4C4-8BE60F851AC0}.AppStore|x86.ActiveCfg = Release|Any CPU
		{8F4A240D-A429-4D9C-B4C4-8BE60F851AC0}.AppStore|x86.Build.0 = Release|Any CPU
		{8F4A240D-A429-4D9C-B4C4-8BE60F851AC0}.AppStore|x86.Deploy.0 = Release|Any CPU
		{8F4A240D-A429-4D9C-B4C4-8BE60F851AC0}.Debug|Any CPU.ActiveCfg = Debug|Any CPU
		{8F4A240D-A429-4D9C-B4C4-8BE60F851AC0}.Debug|Any CPU.Build.0 = Debug|Any CPU
		{8F4A240D-A429-4D9C-B4C4-8BE60F851AC0}.Debug|Any CPU.Deploy.0 = Debug|Any CPU
		{8F4A240D-A429-4D9C-B4C4-8BE60F851AC0}.Debug|ARM.ActiveCfg = Debug|Any CPU
		{8F4A240D-A429-4D9C-B4C4-8BE60F851AC0}.Debug|ARM.Build.0 = Debug|Any CPU
		{8F4A240D-A429-4D9C-B4C4-8BE60F851AC0}.Debug|ARM.Deploy.0 = Debug|Any CPU
		{8F4A240D-A429-4D9C-B4C4-8BE60F851AC0}.Debug|iPhone.ActiveCfg = Debug|Any CPU
		{8F4A240D-A429-4D9C-B4C4-8BE60F851AC0}.Debug|iPhone.Build.0 = Debug|Any CPU
		{8F4A240D-A429-4D9C-B4C4-8BE60F851AC0}.Debug|iPhone.Deploy.0 = Debug|Any CPU
		{8F4A240D-A429-4D9C-B4C4-8BE60F851AC0}.Debug|iPhoneSimulator.ActiveCfg = Debug|Any CPU
		{8F4A240D-A429-4D9C-B4C4-8BE60F851AC0}.Debug|iPhoneSimulator.Build.0 = Debug|Any CPU
		{8F4A240D-A429-4D9C-B4C4-8BE60F851AC0}.Debug|iPhoneSimulator.Deploy.0 = Debug|Any CPU
		{8F4A240D-A429-4D9C-B4C4-8BE60F851AC0}.Debug|x64.ActiveCfg = Debug|Any CPU
		{8F4A240D-A429-4D9C-B4C4-8BE60F851AC0}.Debug|x64.Build.0 = Debug|Any CPU
		{8F4A240D-A429-4D9C-B4C4-8BE60F851AC0}.Debug|x64.Deploy.0 = Debug|Any CPU
		{8F4A240D-A429-4D9C-B4C4-8BE60F851AC0}.Debug|x86.ActiveCfg = Debug|Any CPU
		{8F4A240D-A429-4D9C-B4C4-8BE60F851AC0}.Debug|x86.Build.0 = Debug|Any CPU
		{8F4A240D-A429-4D9C-B4C4-8BE60F851AC0}.Debug|x86.Deploy.0 = Debug|Any CPU
		{8F4A240D-A429-4D9C-B4C4-8BE60F851AC0}.Release|Any CPU.ActiveCfg = Release|Any CPU
		{8F4A240D-A429-4D9C-B4C4-8BE60F851AC0}.Release|Any CPU.Build.0 = Release|Any CPU
		{8F4A240D-A429-4D9C-B4C4-8BE60F851AC0}.Release|Any CPU.Deploy.0 = Release|Any CPU
		{8F4A240D-A429-4D9C-B4C4-8BE60F851AC0}.Release|ARM.ActiveCfg = Release|Any CPU
		{8F4A240D-A429-4D9C-B4C4-8BE60F851AC0}.Release|ARM.Build.0 = Release|Any CPU
		{8F4A240D-A429-4D9C-B4C4-8BE60F851AC0}.Release|ARM.Deploy.0 = Release|Any CPU
		{8F4A240D-A429-4D9C-B4C4-8BE60F851AC0}.Release|iPhone.ActiveCfg = Release|Any CPU
		{8F4A240D-A429-4D9C-B4C4-8BE60F851AC0}.Release|iPhone.Build.0 = Release|Any CPU
		{8F4A240D-A429-4D9C-B4C4-8BE60F851AC0}.Release|iPhone.Deploy.0 = Release|Any CPU
		{8F4A240D-A429-4D9C-B4C4-8BE60F851AC0}.Release|iPhoneSimulator.ActiveCfg = Release|Any CPU
		{8F4A240D-A429-4D9C-B4C4-8BE60F851AC0}.Release|iPhoneSimulator.Build.0 = Release|Any CPU
		{8F4A240D-A429-4D9C-B4C4-8BE60F851AC0}.Release|iPhoneSimulator.Deploy.0 = Release|Any CPU
		{8F4A240D-A429-4D9C-B4C4-8BE60F851AC0}.Release|x64.ActiveCfg = Release|Any CPU
		{8F4A240D-A429-4D9C-B4C4-8BE60F851AC0}.Release|x64.Build.0 = Release|Any CPU
		{8F4A240D-A429-4D9C-B4C4-8BE60F851AC0}.Release|x64.Deploy.0 = Release|Any CPU
		{8F4A240D-A429-4D9C-B4C4-8BE60F851AC0}.Release|x86.ActiveCfg = Release|Any CPU
		{8F4A240D-A429-4D9C-B4C4-8BE60F851AC0}.Release|x86.Build.0 = Release|Any CPU
		{8F4A240D-A429-4D9C-B4C4-8BE60F851AC0}.Release|x86.Deploy.0 = Release|Any CPU
		{D463899A-85CC-4F63-9021-CDB49E87A28F}.Ad-Hoc|Any CPU.ActiveCfg = Ad-Hoc|iPhone
		{D463899A-85CC-4F63-9021-CDB49E87A28F}.Ad-Hoc|Any CPU.Build.0 = Ad-Hoc|iPhone
		{D463899A-85CC-4F63-9021-CDB49E87A28F}.Ad-Hoc|Any CPU.Deploy.0 = Ad-Hoc|iPhone
		{D463899A-85CC-4F63-9021-CDB49E87A28F}.Ad-Hoc|ARM.ActiveCfg = Ad-Hoc|iPhone
		{D463899A-85CC-4F63-9021-CDB49E87A28F}.Ad-Hoc|ARM.Build.0 = Ad-Hoc|iPhone
		{D463899A-85CC-4F63-9021-CDB49E87A28F}.Ad-Hoc|ARM.Deploy.0 = Ad-Hoc|iPhone
		{D463899A-85CC-4F63-9021-CDB49E87A28F}.Ad-Hoc|iPhone.ActiveCfg = Ad-Hoc|iPhone
		{D463899A-85CC-4F63-9021-CDB49E87A28F}.Ad-Hoc|iPhone.Build.0 = Ad-Hoc|iPhone
		{D463899A-85CC-4F63-9021-CDB49E87A28F}.Ad-Hoc|iPhone.Deploy.0 = Ad-Hoc|iPhone
		{D463899A-85CC-4F63-9021-CDB49E87A28F}.Ad-Hoc|iPhoneSimulator.ActiveCfg = Ad-Hoc|iPhoneSimulator
		{D463899A-85CC-4F63-9021-CDB49E87A28F}.Ad-Hoc|iPhoneSimulator.Build.0 = Ad-Hoc|iPhoneSimulator
		{D463899A-85CC-4F63-9021-CDB49E87A28F}.Ad-Hoc|iPhoneSimulator.Deploy.0 = Ad-Hoc|iPhoneSimulator
		{D463899A-85CC-4F63-9021-CDB49E87A28F}.Ad-Hoc|x64.ActiveCfg = Ad-Hoc|iPhone
		{D463899A-85CC-4F63-9021-CDB49E87A28F}.Ad-Hoc|x64.Build.0 = Ad-Hoc|iPhone
		{D463899A-85CC-4F63-9021-CDB49E87A28F}.Ad-Hoc|x64.Deploy.0 = Ad-Hoc|iPhone
		{D463899A-85CC-4F63-9021-CDB49E87A28F}.Ad-Hoc|x86.ActiveCfg = Ad-Hoc|iPhone
		{D463899A-85CC-4F63-9021-CDB49E87A28F}.Ad-Hoc|x86.Build.0 = Ad-Hoc|iPhone
		{D463899A-85CC-4F63-9021-CDB49E87A28F}.Ad-Hoc|x86.Deploy.0 = Ad-Hoc|iPhone
		{D463899A-85CC-4F63-9021-CDB49E87A28F}.AppStore|Any CPU.ActiveCfg = AppStore|iPhone
		{D463899A-85CC-4F63-9021-CDB49E87A28F}.AppStore|Any CPU.Build.0 = AppStore|iPhone
		{D463899A-85CC-4F63-9021-CDB49E87A28F}.AppStore|Any CPU.Deploy.0 = AppStore|iPhone
		{D463899A-85CC-4F63-9021-CDB49E87A28F}.AppStore|ARM.ActiveCfg = AppStore|iPhone
		{D463899A-85CC-4F63-9021-CDB49E87A28F}.AppStore|ARM.Build.0 = AppStore|iPhone
		{D463899A-85CC-4F63-9021-CDB49E87A28F}.AppStore|ARM.Deploy.0 = AppStore|iPhone
		{D463899A-85CC-4F63-9021-CDB49E87A28F}.AppStore|iPhone.ActiveCfg = AppStore|iPhone
		{D463899A-85CC-4F63-9021-CDB49E87A28F}.AppStore|iPhone.Build.0 = AppStore|iPhone
		{D463899A-85CC-4F63-9021-CDB49E87A28F}.AppStore|iPhone.Deploy.0 = AppStore|iPhone
		{D463899A-85CC-4F63-9021-CDB49E87A28F}.AppStore|iPhoneSimulator.ActiveCfg = AppStore|iPhoneSimulator
		{D463899A-85CC-4F63-9021-CDB49E87A28F}.AppStore|iPhoneSimulator.Build.0 = AppStore|iPhoneSimulator
		{D463899A-85CC-4F63-9021-CDB49E87A28F}.AppStore|iPhoneSimulator.Deploy.0 = AppStore|iPhoneSimulator
		{D463899A-85CC-4F63-9021-CDB49E87A28F}.AppStore|x64.ActiveCfg = AppStore|iPhone
		{D463899A-85CC-4F63-9021-CDB49E87A28F}.AppStore|x64.Build.0 = AppStore|iPhone
		{D463899A-85CC-4F63-9021-CDB49E87A28F}.AppStore|x64.Deploy.0 = AppStore|iPhone
		{D463899A-85CC-4F63-9021-CDB49E87A28F}.AppStore|x86.ActiveCfg = AppStore|iPhone
		{D463899A-85CC-4F63-9021-CDB49E87A28F}.AppStore|x86.Build.0 = AppStore|iPhone
		{D463899A-85CC-4F63-9021-CDB49E87A28F}.AppStore|x86.Deploy.0 = AppStore|iPhone
		{D463899A-85CC-4F63-9021-CDB49E87A28F}.Debug|Any CPU.ActiveCfg = Debug|iPhoneSimulator
		{D463899A-85CC-4F63-9021-CDB49E87A28F}.Debug|Any CPU.Build.0 = Debug|iPhoneSimulator
		{D463899A-85CC-4F63-9021-CDB49E87A28F}.Debug|Any CPU.Deploy.0 = Debug|iPhoneSimulator
		{D463899A-85CC-4F63-9021-CDB49E87A28F}.Debug|ARM.ActiveCfg = Debug|iPhone
		{D463899A-85CC-4F63-9021-CDB49E87A28F}.Debug|ARM.Build.0 = Debug|iPhone
		{D463899A-85CC-4F63-9021-CDB49E87A28F}.Debug|ARM.Deploy.0 = Debug|iPhone
		{D463899A-85CC-4F63-9021-CDB49E87A28F}.Debug|iPhone.ActiveCfg = Debug|iPhone
		{D463899A-85CC-4F63-9021-CDB49E87A28F}.Debug|iPhone.Build.0 = Debug|iPhone
		{D463899A-85CC-4F63-9021-CDB49E87A28F}.Debug|iPhone.Deploy.0 = Debug|iPhone
		{D463899A-85CC-4F63-9021-CDB49E87A28F}.Debug|iPhoneSimulator.ActiveCfg = Debug|iPhoneSimulator
		{D463899A-85CC-4F63-9021-CDB49E87A28F}.Debug|iPhoneSimulator.Build.0 = Debug|iPhoneSimulator
		{D463899A-85CC-4F63-9021-CDB49E87A28F}.Debug|iPhoneSimulator.Deploy.0 = Debug|iPhoneSimulator
		{D463899A-85CC-4F63-9021-CDB49E87A28F}.Debug|x64.ActiveCfg = Debug|iPhone
		{D463899A-85CC-4F63-9021-CDB49E87A28F}.Debug|x64.Build.0 = Debug|iPhone
		{D463899A-85CC-4F63-9021-CDB49E87A28F}.Debug|x64.Deploy.0 = Debug|iPhone
		{D463899A-85CC-4F63-9021-CDB49E87A28F}.Debug|x86.ActiveCfg = Debug|iPhone
		{D463899A-85CC-4F63-9021-CDB49E87A28F}.Debug|x86.Build.0 = Debug|iPhone
		{D463899A-85CC-4F63-9021-CDB49E87A28F}.Debug|x86.Deploy.0 = Debug|iPhone
		{D463899A-85CC-4F63-9021-CDB49E87A28F}.Release|Any CPU.ActiveCfg = Release|iPhone
		{D463899A-85CC-4F63-9021-CDB49E87A28F}.Release|Any CPU.Build.0 = Release|iPhone
		{D463899A-85CC-4F63-9021-CDB49E87A28F}.Release|Any CPU.Deploy.0 = Release|iPhone
		{D463899A-85CC-4F63-9021-CDB49E87A28F}.Release|ARM.ActiveCfg = Release|iPhone
		{D463899A-85CC-4F63-9021-CDB49E87A28F}.Release|ARM.Build.0 = Release|iPhone
		{D463899A-85CC-4F63-9021-CDB49E87A28F}.Release|ARM.Deploy.0 = Release|iPhone
		{D463899A-85CC-4F63-9021-CDB49E87A28F}.Release|iPhone.ActiveCfg = Release|iPhone
		{D463899A-85CC-4F63-9021-CDB49E87A28F}.Release|iPhone.Build.0 = Release|iPhone
		{D463899A-85CC-4F63-9021-CDB49E87A28F}.Release|iPhone.Deploy.0 = Release|iPhone
		{D463899A-85CC-4F63-9021-CDB49E87A28F}.Release|iPhoneSimulator.ActiveCfg = Release|iPhoneSimulator
		{D463899A-85CC-4F63-9021-CDB49E87A28F}.Release|iPhoneSimulator.Build.0 = Release|iPhoneSimulator
		{D463899A-85CC-4F63-9021-CDB49E87A28F}.Release|iPhoneSimulator.Deploy.0 = Release|iPhoneSimulator
		{D463899A-85CC-4F63-9021-CDB49E87A28F}.Release|x64.ActiveCfg = Release|iPhone
		{D463899A-85CC-4F63-9021-CDB49E87A28F}.Release|x64.Build.0 = Release|iPhone
		{D463899A-85CC-4F63-9021-CDB49E87A28F}.Release|x64.Deploy.0 = Release|iPhone
		{D463899A-85CC-4F63-9021-CDB49E87A28F}.Release|x86.ActiveCfg = Release|iPhone
		{D463899A-85CC-4F63-9021-CDB49E87A28F}.Release|x86.Build.0 = Release|iPhone
		{D463899A-85CC-4F63-9021-CDB49E87A28F}.Release|x86.Deploy.0 = Release|iPhone
		{8D719BBF-3908-4B58-847C-D4AC6BE873B2}.Ad-Hoc|Any CPU.ActiveCfg = Release|x86
		{8D719BBF-3908-4B58-847C-D4AC6BE873B2}.Ad-Hoc|Any CPU.Build.0 = Release|x86
		{8D719BBF-3908-4B58-847C-D4AC6BE873B2}.Ad-Hoc|Any CPU.Deploy.0 = Release|x86
		{8D719BBF-3908-4B58-847C-D4AC6BE873B2}.Ad-Hoc|ARM.ActiveCfg = Release|ARM
		{8D719BBF-3908-4B58-847C-D4AC6BE873B2}.Ad-Hoc|ARM.Build.0 = Release|ARM
		{8D719BBF-3908-4B58-847C-D4AC6BE873B2}.Ad-Hoc|ARM.Deploy.0 = Release|ARM
		{8D719BBF-3908-4B58-847C-D4AC6BE873B2}.Ad-Hoc|iPhone.ActiveCfg = Release|x86
		{8D719BBF-3908-4B58-847C-D4AC6BE873B2}.Ad-Hoc|iPhone.Build.0 = Release|x86
		{8D719BBF-3908-4B58-847C-D4AC6BE873B2}.Ad-Hoc|iPhone.Deploy.0 = Release|x86
		{8D719BBF-3908-4B58-847C-D4AC6BE873B2}.Ad-Hoc|iPhoneSimulator.ActiveCfg = Release|x86
		{8D719BBF-3908-4B58-847C-D4AC6BE873B2}.Ad-Hoc|iPhoneSimulator.Build.0 = Release|x86
		{8D719BBF-3908-4B58-847C-D4AC6BE873B2}.Ad-Hoc|iPhoneSimulator.Deploy.0 = Release|x86
		{8D719BBF-3908-4B58-847C-D4AC6BE873B2}.Ad-Hoc|x64.ActiveCfg = Release|x64
		{8D719BBF-3908-4B58-847C-D4AC6BE873B2}.Ad-Hoc|x64.Build.0 = Release|x64
		{8D719BBF-3908-4B58-847C-D4AC6BE873B2}.Ad-Hoc|x64.Deploy.0 = Release|x64
		{8D719BBF-3908-4B58-847C-D4AC6BE873B2}.Ad-Hoc|x86.ActiveCfg = Release|x86
		{8D719BBF-3908-4B58-847C-D4AC6BE873B2}.Ad-Hoc|x86.Build.0 = Release|x86
		{8D719BBF-3908-4B58-847C-D4AC6BE873B2}.Ad-Hoc|x86.Deploy.0 = Release|x86
		{8D719BBF-3908-4B58-847C-D4AC6BE873B2}.AppStore|Any CPU.ActiveCfg = Release|x86
		{8D719BBF-3908-4B58-847C-D4AC6BE873B2}.AppStore|Any CPU.Build.0 = Release|x86
		{8D719BBF-3908-4B58-847C-D4AC6BE873B2}.AppStore|Any CPU.Deploy.0 = Release|x86
		{8D719BBF-3908-4B58-847C-D4AC6BE873B2}.AppStore|ARM.ActiveCfg = Release|ARM
		{8D719BBF-3908-4B58-847C-D4AC6BE873B2}.AppStore|ARM.Build.0 = Release|ARM
		{8D719BBF-3908-4B58-847C-D4AC6BE873B2}.AppStore|ARM.Deploy.0 = Release|ARM
		{8D719BBF-3908-4B58-847C-D4AC6BE873B2}.AppStore|iPhone.ActiveCfg = Release|x86
		{8D719BBF-3908-4B58-847C-D4AC6BE873B2}.AppStore|iPhone.Build.0 = Release|x86
		{8D719BBF-3908-4B58-847C-D4AC6BE873B2}.AppStore|iPhone.Deploy.0 = Release|x86
		{8D719BBF-3908-4B58-847C-D4AC6BE873B2}.AppStore|iPhoneSimulator.ActiveCfg = Release|x86
		{8D719BBF-3908-4B58-847C-D4AC6BE873B2}.AppStore|iPhoneSimulator.Build.0 = Release|x86
		{8D719BBF-3908-4B58-847C-D4AC6BE873B2}.AppStore|iPhoneSimulator.Deploy.0 = Release|x86
		{8D719BBF-3908-4B58-847C-D4AC6BE873B2}.AppStore|x64.ActiveCfg = Release|x64
		{8D719BBF-3908-4B58-847C-D4AC6BE873B2}.AppStore|x64.Build.0 = Release|x64
		{8D719BBF-3908-4B58-847C-D4AC6BE873B2}.AppStore|x64.Deploy.0 = Release|x64
		{8D719BBF-3908-4B58-847C-D4AC6BE873B2}.AppStore|x86.ActiveCfg = Release|x86
		{8D719BBF-3908-4B58-847C-D4AC6BE873B2}.AppStore|x86.Build.0 = Release|x86
		{8D719BBF-3908-4B58-847C-D4AC6BE873B2}.AppStore|x86.Deploy.0 = Release|x86
		{8D719BBF-3908-4B58-847C-D4AC6BE873B2}.Debug|Any CPU.ActiveCfg = Debug|x86
		{8D719BBF-3908-4B58-847C-D4AC6BE873B2}.Debug|Any CPU.Build.0 = Debug|x86
		{8D719BBF-3908-4B58-847C-D4AC6BE873B2}.Debug|Any CPU.Deploy.0 = Debug|x86
		{8D719BBF-3908-4B58-847C-D4AC6BE873B2}.Debug|ARM.ActiveCfg = Debug|ARM
		{8D719BBF-3908-4B58-847C-D4AC6BE873B2}.Debug|ARM.Build.0 = Debug|ARM
		{8D719BBF-3908-4B58-847C-D4AC6BE873B2}.Debug|ARM.Deploy.0 = Debug|ARM
		{8D719BBF-3908-4B58-847C-D4AC6BE873B2}.Debug|iPhone.ActiveCfg = Debug|x86
		{8D719BBF-3908-4B58-847C-D4AC6BE873B2}.Debug|iPhone.Build.0 = Debug|x86
		{8D719BBF-3908-4B58-847C-D4AC6BE873B2}.Debug|iPhone.Deploy.0 = Debug|x86
		{8D719BBF-3908-4B58-847C-D4AC6BE873B2}.Debug|iPhoneSimulator.ActiveCfg = Debug|x86
		{8D719BBF-3908-4B58-847C-D4AC6BE873B2}.Debug|iPhoneSimulator.Build.0 = Debug|x86
		{8D719BBF-3908-4B58-847C-D4AC6BE873B2}.Debug|iPhoneSimulator.Deploy.0 = Debug|x86
		{8D719BBF-3908-4B58-847C-D4AC6BE873B2}.Debug|x64.ActiveCfg = Debug|x64
		{8D719BBF-3908-4B58-847C-D4AC6BE873B2}.Debug|x64.Build.0 = Debug|x64
		{8D719BBF-3908-4B58-847C-D4AC6BE873B2}.Debug|x64.Deploy.0 = Debug|x64
		{8D719BBF-3908-4B58-847C-D4AC6BE873B2}.Debug|x86.ActiveCfg = Debug|x86
		{8D719BBF-3908-4B58-847C-D4AC6BE873B2}.Debug|x86.Build.0 = Debug|x86
		{8D719BBF-3908-4B58-847C-D4AC6BE873B2}.Debug|x86.Deploy.0 = Debug|x86
		{8D719BBF-3908-4B58-847C-D4AC6BE873B2}.Release|Any CPU.ActiveCfg = Release|x86
		{8D719BBF-3908-4B58-847C-D4AC6BE873B2}.Release|Any CPU.Build.0 = Release|x86
		{8D719BBF-3908-4B58-847C-D4AC6BE873B2}.Release|Any CPU.Deploy.0 = Release|x86
		{8D719BBF-3908-4B58-847C-D4AC6BE873B2}.Release|ARM.ActiveCfg = Release|ARM
		{8D719BBF-3908-4B58-847C-D4AC6BE873B2}.Release|ARM.Build.0 = Release|ARM
		{8D719BBF-3908-4B58-847C-D4AC6BE873B2}.Release|ARM.Deploy.0 = Release|ARM
		{8D719BBF-3908-4B58-847C-D4AC6BE873B2}.Release|iPhone.ActiveCfg = Release|x86
		{8D719BBF-3908-4B58-847C-D4AC6BE873B2}.Release|iPhone.Build.0 = Release|x86
		{8D719BBF-3908-4B58-847C-D4AC6BE873B2}.Release|iPhone.Deploy.0 = Release|x86
		{8D719BBF-3908-4B58-847C-D4AC6BE873B2}.Release|iPhoneSimulator.ActiveCfg = Release|x86
		{8D719BBF-3908-4B58-847C-D4AC6BE873B2}.Release|iPhoneSimulator.Build.0 = Release|x86
		{8D719BBF-3908-4B58-847C-D4AC6BE873B2}.Release|iPhoneSimulator.Deploy.0 = Release|x86
		{8D719BBF-3908-4B58-847C-D4AC6BE873B2}.Release|x64.ActiveCfg = Release|x64
		{8D719BBF-3908-4B58-847C-D4AC6BE873B2}.Release|x64.Build.0 = Release|x64
		{8D719BBF-3908-4B58-847C-D4AC6BE873B2}.Release|x64.Deploy.0 = Release|x64
		{8D719BBF-3908-4B58-847C-D4AC6BE873B2}.Release|x86.ActiveCfg = Release|x86
		{8D719BBF-3908-4B58-847C-D4AC6BE873B2}.Release|x86.Build.0 = Release|x86
		{8D719BBF-3908-4B58-847C-D4AC6BE873B2}.Release|x86.Deploy.0 = Release|x86
		{4F00623D-30A8-4CAF-8073-D036D3C2A57B}.Ad-Hoc|Any CPU.ActiveCfg = Debug|Any CPU
		{4F00623D-30A8-4CAF-8073-D036D3C2A57B}.Ad-Hoc|Any CPU.Build.0 = Debug|Any CPU
		{4F00623D-30A8-4CAF-8073-D036D3C2A57B}.Ad-Hoc|Any CPU.Deploy.0 = Debug|Any CPU
		{4F00623D-30A8-4CAF-8073-D036D3C2A57B}.Ad-Hoc|ARM.ActiveCfg = Debug|Any CPU
		{4F00623D-30A8-4CAF-8073-D036D3C2A57B}.Ad-Hoc|ARM.Build.0 = Debug|Any CPU
		{4F00623D-30A8-4CAF-8073-D036D3C2A57B}.Ad-Hoc|ARM.Deploy.0 = Debug|Any CPU
		{4F00623D-30A8-4CAF-8073-D036D3C2A57B}.Ad-Hoc|iPhone.ActiveCfg = Debug|Any CPU
		{4F00623D-30A8-4CAF-8073-D036D3C2A57B}.Ad-Hoc|iPhone.Build.0 = Debug|Any CPU
		{4F00623D-30A8-4CAF-8073-D036D3C2A57B}.Ad-Hoc|iPhone.Deploy.0 = Debug|Any CPU
		{4F00623D-30A8-4CAF-8073-D036D3C2A57B}.Ad-Hoc|iPhoneSimulator.ActiveCfg = Debug|Any CPU
		{4F00623D-30A8-4CAF-8073-D036D3C2A57B}.Ad-Hoc|iPhoneSimulator.Build.0 = Debug|Any CPU
		{4F00623D-30A8-4CAF-8073-D036D3C2A57B}.Ad-Hoc|iPhoneSimulator.Deploy.0 = Debug|Any CPU
		{4F00623D-30A8-4CAF-8073-D036D3C2A57B}.Ad-Hoc|x64.ActiveCfg = Debug|Any CPU
		{4F00623D-30A8-4CAF-8073-D036D3C2A57B}.Ad-Hoc|x64.Build.0 = Debug|Any CPU
		{4F00623D-30A8-4CAF-8073-D036D3C2A57B}.Ad-Hoc|x64.Deploy.0 = Debug|Any CPU
		{4F00623D-30A8-4CAF-8073-D036D3C2A57B}.Ad-Hoc|x86.ActiveCfg = Debug|Any CPU
		{4F00623D-30A8-4CAF-8073-D036D3C2A57B}.Ad-Hoc|x86.Build.0 = Debug|Any CPU
		{4F00623D-30A8-4CAF-8073-D036D3C2A57B}.Ad-Hoc|x86.Deploy.0 = Debug|Any CPU
		{4F00623D-30A8-4CAF-8073-D036D3C2A57B}.AppStore|Any CPU.ActiveCfg = Debug|Any CPU
		{4F00623D-30A8-4CAF-8073-D036D3C2A57B}.AppStore|Any CPU.Build.0 = Debug|Any CPU
		{4F00623D-30A8-4CAF-8073-D036D3C2A57B}.AppStore|Any CPU.Deploy.0 = Debug|Any CPU
		{4F00623D-30A8-4CAF-8073-D036D3C2A57B}.AppStore|ARM.ActiveCfg = Debug|Any CPU
		{4F00623D-30A8-4CAF-8073-D036D3C2A57B}.AppStore|ARM.Build.0 = Debug|Any CPU
		{4F00623D-30A8-4CAF-8073-D036D3C2A57B}.AppStore|ARM.Deploy.0 = Debug|Any CPU
		{4F00623D-30A8-4CAF-8073-D036D3C2A57B}.AppStore|iPhone.ActiveCfg = Debug|Any CPU
		{4F00623D-30A8-4CAF-8073-D036D3C2A57B}.AppStore|iPhone.Build.0 = Debug|Any CPU
		{4F00623D-30A8-4CAF-8073-D036D3C2A57B}.AppStore|iPhone.Deploy.0 = Debug|Any CPU
		{4F00623D-30A8-4CAF-8073-D036D3C2A57B}.AppStore|iPhoneSimulator.ActiveCfg = Debug|Any CPU
		{4F00623D-30A8-4CAF-8073-D036D3C2A57B}.AppStore|iPhoneSimulator.Build.0 = Debug|Any CPU
		{4F00623D-30A8-4CAF-8073-D036D3C2A57B}.AppStore|iPhoneSimulator.Deploy.0 = Debug|Any CPU
		{4F00623D-30A8-4CAF-8073-D036D3C2A57B}.AppStore|x64.ActiveCfg = Debug|Any CPU
		{4F00623D-30A8-4CAF-8073-D036D3C2A57B}.AppStore|x64.Build.0 = Debug|Any CPU
		{4F00623D-30A8-4CAF-8073-D036D3C2A57B}.AppStore|x64.Deploy.0 = Debug|Any CPU
		{4F00623D-30A8-4CAF-8073-D036D3C2A57B}.AppStore|x86.ActiveCfg = Debug|Any CPU
		{4F00623D-30A8-4CAF-8073-D036D3C2A57B}.AppStore|x86.Build.0 = Debug|Any CPU
		{4F00623D-30A8-4CAF-8073-D036D3C2A57B}.AppStore|x86.Deploy.0 = Debug|Any CPU
		{4F00623D-30A8-4CAF-8073-D036D3C2A57B}.Debug|Any CPU.ActiveCfg = Debug|Any CPU
		{4F00623D-30A8-4CAF-8073-D036D3C2A57B}.Debug|Any CPU.Build.0 = Debug|Any CPU
		{4F00623D-30A8-4CAF-8073-D036D3C2A57B}.Debug|Any CPU.Deploy.0 = Debug|Any CPU
		{4F00623D-30A8-4CAF-8073-D036D3C2A57B}.Debug|ARM.ActiveCfg = Debug|Any CPU
		{4F00623D-30A8-4CAF-8073-D036D3C2A57B}.Debug|ARM.Build.0 = Debug|Any CPU
		{4F00623D-30A8-4CAF-8073-D036D3C2A57B}.Debug|ARM.Deploy.0 = Debug|Any CPU
		{4F00623D-30A8-4CAF-8073-D036D3C2A57B}.Debug|iPhone.ActiveCfg = Debug|Any CPU
		{4F00623D-30A8-4CAF-8073-D036D3C2A57B}.Debug|iPhone.Build.0 = Debug|Any CPU
		{4F00623D-30A8-4CAF-8073-D036D3C2A57B}.Debug|iPhone.Deploy.0 = Debug|Any CPU
		{4F00623D-30A8-4CAF-8073-D036D3C2A57B}.Debug|iPhoneSimulator.ActiveCfg = Debug|Any CPU
		{4F00623D-30A8-4CAF-8073-D036D3C2A57B}.Debug|iPhoneSimulator.Build.0 = Debug|Any CPU
		{4F00623D-30A8-4CAF-8073-D036D3C2A57B}.Debug|iPhoneSimulator.Deploy.0 = Debug|Any CPU
		{4F00623D-30A8-4CAF-8073-D036D3C2A57B}.Debug|x64.ActiveCfg = Debug|Any CPU
		{4F00623D-30A8-4CAF-8073-D036D3C2A57B}.Debug|x64.Build.0 = Debug|Any CPU
		{4F00623D-30A8-4CAF-8073-D036D3C2A57B}.Debug|x64.Deploy.0 = Debug|Any CPU
		{4F00623D-30A8-4CAF-8073-D036D3C2A57B}.Debug|x86.ActiveCfg = Debug|Any CPU
		{4F00623D-30A8-4CAF-8073-D036D3C2A57B}.Debug|x86.Build.0 = Debug|Any CPU
		{4F00623D-30A8-4CAF-8073-D036D3C2A57B}.Debug|x86.Deploy.0 = Debug|Any CPU
		{4F00623D-30A8-4CAF-8073-D036D3C2A57B}.Release|Any CPU.ActiveCfg = Release|Any CPU
		{4F00623D-30A8-4CAF-8073-D036D3C2A57B}.Release|Any CPU.Build.0 = Release|Any CPU
		{4F00623D-30A8-4CAF-8073-D036D3C2A57B}.Release|Any CPU.Deploy.0 = Release|Any CPU
		{4F00623D-30A8-4CAF-8073-D036D3C2A57B}.Release|ARM.ActiveCfg = Release|Any CPU
		{4F00623D-30A8-4CAF-8073-D036D3C2A57B}.Release|ARM.Build.0 = Release|Any CPU
		{4F00623D-30A8-4CAF-8073-D036D3C2A57B}.Release|ARM.Deploy.0 = Release|Any CPU
		{4F00623D-30A8-4CAF-8073-D036D3C2A57B}.Release|iPhone.ActiveCfg = Release|Any CPU
		{4F00623D-30A8-4CAF-8073-D036D3C2A57B}.Release|iPhone.Build.0 = Release|Any CPU
		{4F00623D-30A8-4CAF-8073-D036D3C2A57B}.Release|iPhone.Deploy.0 = Release|Any CPU
		{4F00623D-30A8-4CAF-8073-D036D3C2A57B}.Release|iPhoneSimulator.ActiveCfg = Release|Any CPU
		{4F00623D-30A8-4CAF-8073-D036D3C2A57B}.Release|iPhoneSimulator.Build.0 = Release|Any CPU
		{4F00623D-30A8-4CAF-8073-D036D3C2A57B}.Release|iPhoneSimulator.Deploy.0 = Release|Any CPU
		{4F00623D-30A8-4CAF-8073-D036D3C2A57B}.Release|x64.ActiveCfg = Release|Any CPU
		{4F00623D-30A8-4CAF-8073-D036D3C2A57B}.Release|x64.Build.0 = Release|Any CPU
		{4F00623D-30A8-4CAF-8073-D036D3C2A57B}.Release|x64.Deploy.0 = Release|Any CPU
		{4F00623D-30A8-4CAF-8073-D036D3C2A57B}.Release|x86.ActiveCfg = Release|Any CPU
		{4F00623D-30A8-4CAF-8073-D036D3C2A57B}.Release|x86.Build.0 = Release|Any CPU
		{4F00623D-30A8-4CAF-8073-D036D3C2A57B}.Release|x86.Deploy.0 = Release|Any CPU
	EndGlobalSection
	GlobalSection(SolutionProperties) = preSolution
		HideSolutionNode = FALSE
	EndGlobalSection
	GlobalSection(ExtensibilityGlobals) = postSolution
		SolutionGuid = {FE611247-6178-44D2-9700-8178B29670A9}
	EndGlobalSection
EndGlobal
